
Microsoft Visual Studio Solution File, Format Version 12.00
# Visual Studio Version 17
VisualStudioVersion = 17.4.33213.308
MinimumVisualStudioVersion = 10.0.40219.1
Project("{13B669BE-BB05-4DDF-9536-439F39A36129}") = "talent.com", "talent.com.phpproj", "{65F65B7B-A6D8-4457-B21E-BCEEE44E37E7}"
EndProject
Global
	GlobalSection(SolutionConfigurationPlatforms) = preSolution
		Debug|Any CPU = Debug|Any CPU
		Release|Any CPU = Release|Any CPU
	EndGlobalSection
	GlobalSection(ProjectConfigurationPlatforms) = postSolution
		{65F65B7B-A6D8-4457-B21E-BCEEE44E37E7}.Debug|Any CPU.ActiveCfg = Debug|Any CPU
		{65F65B7B-A6D8-4457-B21E-BCEEE44E37E7}.Debug|Any CPU.Build.0 = Debug|Any CPU
		{65F65B7B-A6D8-4457-B21E-BCEEE44E37E7}.Release|Any CPU.ActiveCfg = Release|Any CPU
		{65F65B7B-A6D8-4457-B21E-BCEEE44E37E7}.Release|Any CPU.Build.0 = Release|Any CPU
	EndGlobalSection
	GlobalSection(SolutionProperties) = preSolution
		HideSolutionNode = FALSE
	EndGlobalSection
	GlobalSection(ExtensibilityGlobals) = postSolution
		SolutionGuid = {508BAA94-CACA-4C95-BC66-BB4994ED7A79}
	EndGlobalSection
EndGlobal
